
Microsoft Visual Studio Solution File, Format Version 12.00
# Visual Studio Version 17
VisualStudioVersion = 17.5.002.0
MinimumVisualStudioVersion = 10.0.40219.1
Project("{9A19103F-16F7-4668-BE54-9A1E7A4F7556}") = "DotNetDebugging", "DotNetDebugging.csproj", "{D3110F6C-AF8B-4264-83EE-7869021AA89B}"
EndProject
Global
	GlobalSection(SolutionConfigurationPlatforms) = preSolution
		Debug|Any CPU = Debug|Any CPU
		Release|Any CPU = Release|Any CPU
	EndGlobalSection
	GlobalSection(ProjectConfigurationPlatforms) = postSolution
		{D3110F6C-AF8B-4264-83EE-7869021AA89B}.Debug|Any CPU.ActiveCfg = Debug|Any CPU
		{D3110F6C-AF8B-4264-83EE-7869021AA89B}.Debug|Any CPU.Build.0 = Debug|Any CPU
		{D3110F6C-AF8B-4264-83EE-7869021AA89B}.Release|Any CPU.ActiveCfg = Release|Any CPU
		{D3110F6C-AF8B-4264-83EE-7869021AA89B}.Release|Any CPU.Build.0 = Release|Any CPU
	EndGlobalSection
	GlobalSection(SolutionProperties) = preSolution
		HideSolutionNode = FALSE
	EndGlobalSection
	GlobalSection(ExtensibilityGlobals) = postSolution
		SolutionGuid = {58B527EB-41DA-4A40-8B00-1B72209AE73E}
	EndGlobalSection
EndGlobal
